
Microsoft Visual Studio Solution File, Format Version 12.00
# Visual Studio 15
VisualStudioVersion = 15.0.27428.2015
MinimumVisualStudioVersion = 10.0.40219.1
Project("{FAE04EC0-301F-11D3-BF4B-00C04F79EFBC}") = "Vivart", "Vivart\Vivart.csproj", "{A86EBFB0-D8E8-4C13-917C-13ABC5F47EAC}"
EndProject
Global
	GlobalSection(SolutionConfigurationPlatforms) = preSolution
		Debug|Any CPU = Debug|Any CPU
		Release|Any CPU = Release|Any CPU
	EndGlobalSection
	GlobalSection(ProjectConfigurationPlatforms) = postSolution
		{A86EBFB0-D8E8-4C13-917C-13ABC5F47EAC}.Debug|Any CPU.ActiveCfg = Debug|Any CPU
		{A86EBFB0-D8E8-4C13-917C-13ABC5F47EAC}.Debug|Any CPU.Build.0 = Debug|Any CPU
		{A86EBFB0-D8E8-4C13-917C-13ABC5F47EAC}.Release|Any CPU.ActiveCfg = Release|Any CPU
		{A86EBFB0-D8E8-4C13-917C-13ABC5F47EAC}.Release|Any CPU.Build.0 = Release|Any CPU
	EndGlobalSection
	GlobalSection(SolutionProperties) = preSolution
		HideSolutionNode = FALSE
	EndGlobalSection
	GlobalSection(ExtensibilityGlobals) = postSolution
		SolutionGuid = {9A5C62B9-9EC9-423C-A9DB-524153627888}
	EndGlobalSection
EndGlobal
